
Microsoft Visual Studio Solution File, Format Version 12.00
# Visual Studio Version 16
VisualStudioVersion = 16.0.31105.61
MinimumVisualStudioVersion = 10.0.40219.1
Project("{9A19103F-16F7-4668-BE54-9A1E7A4F7556}") = "cSharpFizz", "cSharpFiizz\cSharpFizz.csproj", "{24E42F7E-13DF-431E-B9A6-ACB069F2ED20}"
EndProject
Project("{9A19103F-16F7-4668-BE54-9A1E7A4F7556}") = "cSharpTest", "cSharpTest\cSharpTest.csproj", "{E885FC87-4542-45C2-BA31-43505625CCFE}"
EndProject
Project("{9A19103F-16F7-4668-BE54-9A1E7A4F7556}") = "cSharpPrime", "cSharpPrime\cSharpPrime.csproj", "{BC00EA6B-D79B-4537-94EC-131B02E5CFDC}"
EndProject
Project("{9A19103F-16F7-4668-BE54-9A1E7A4F7556}") = "PrimeFactorsTest", "PrimeFactorsTest\PrimeFactorsTest.csproj", "{ADBC2932-95D3-4D00-AB3F-2A4C076D2FBF}"
EndProject
Project("{9A19103F-16F7-4668-BE54-9A1E7A4F7556}") = "cSharpConstructor", "cSharpConstructor\cSharpConstructor.csproj", "{129781DD-EF8A-4FD1-AAF2-AD6CC468831A}"
EndProject
Project("{FAE04EC0-301F-11D3-BF4B-00C04F79EFBC}") = "ZooProject", "ZooProject\ZooProject.csproj", "{29930E38-3D21-416E-B7DB-08FAFF35567B}"
EndProject
Global
	GlobalSection(SolutionConfigurationPlatforms) = preSolution
		Debug|Any CPU = Debug|Any CPU
		Release|Any CPU = Release|Any CPU
	EndGlobalSection
	GlobalSection(ProjectConfigurationPlatforms) = postSolution
		{24E42F7E-13DF-431E-B9A6-ACB069F2ED20}.Debug|Any CPU.ActiveCfg = Debug|Any CPU
		{24E42F7E-13DF-431E-B9A6-ACB069F2ED20}.Debug|Any CPU.Build.0 = Debug|Any CPU
		{24E42F7E-13DF-431E-B9A6-ACB069F2ED20}.Release|Any CPU.ActiveCfg = Release|Any CPU
		{24E42F7E-13DF-431E-B9A6-ACB069F2ED20}.Release|Any CPU.Build.0 = Release|Any CPU
		{E885FC87-4542-45C2-BA31-43505625CCFE}.Debug|Any CPU.ActiveCfg = Debug|Any CPU
		{E885FC87-4542-45C2-BA31-43505625CCFE}.Debug|Any CPU.Build.0 = Debug|Any CPU
		{E885FC87-4542-45C2-BA31-43505625CCFE}.Release|Any CPU.ActiveCfg = Release|Any CPU
		{E885FC87-4542-45C2-BA31-43505625CCFE}.Release|Any CPU.Build.0 = Release|Any CPU
		{BC00EA6B-D79B-4537-94EC-131B02E5CFDC}.Debug|Any CPU.ActiveCfg = Debug|Any CPU
		{BC00EA6B-D79B-4537-94EC-131B02E5CFDC}.Debug|Any CPU.Build.0 = Debug|Any CPU
		{BC00EA6B-D79B-4537-94EC-131B02E5CFDC}.Release|Any CPU.ActiveCfg = Release|Any CPU
		{BC00EA6B-D79B-4537-94EC-131B02E5CFDC}.Release|Any CPU.Build.0 = Release|Any CPU
		{ADBC2932-95D3-4D00-AB3F-2A4C076D2FBF}.Debug|Any CPU.ActiveCfg = Debug|Any CPU
		{ADBC2932-95D3-4D00-AB3F-2A4C076D2FBF}.Debug|Any CPU.Build.0 = Debug|Any CPU
		{ADBC2932-95D3-4D00-AB3F-2A4C076D2FBF}.Release|Any CPU.ActiveCfg = Release|Any CPU
		{ADBC2932-95D3-4D00-AB3F-2A4C076D2FBF}.Release|Any CPU.Build.0 = Release|Any CPU
		{129781DD-EF8A-4FD1-AAF2-AD6CC468831A}.Debug|Any CPU.ActiveCfg = Debug|Any CPU
		{129781DD-EF8A-4FD1-AAF2-AD6CC468831A}.Debug|Any CPU.Build.0 = Debug|Any CPU
		{129781DD-EF8A-4FD1-AAF2-AD6CC468831A}.Release|Any CPU.ActiveCfg = Release|Any CPU
		{129781DD-EF8A-4FD1-AAF2-AD6CC468831A}.Release|Any CPU.Build.0 = Release|Any CPU
		{29930E38-3D21-416E-B7DB-08FAFF35567B}.Debug|Any CPU.ActiveCfg = Debug|Any CPU
		{29930E38-3D21-416E-B7DB-08FAFF35567B}.Debug|Any CPU.Build.0 = Debug|Any CPU
		{29930E38-3D21-416E-B7DB-08FAFF35567B}.Release|Any CPU.ActiveCfg = Release|Any CPU
		{29930E38-3D21-416E-B7DB-08FAFF35567B}.Release|Any CPU.Build.0 = Release|Any CPU
	EndGlobalSection
	GlobalSection(SolutionProperties) = preSolution
		HideSolutionNode = FALSE
	EndGlobalSection
	GlobalSection(ExtensibilityGlobals) = postSolution
		SolutionGuid = {C81F6F50-78F6-402D-A5A0-58DF8E3B9CD4}
	EndGlobalSection
EndGlobal
